# This file was autogenerated by Stack.
# You should not edit this file by hand.
# For more information, please see the documentation at:
#   https://docs.haskellstack.org/en/stable/lock_files

packages: []
snapshots:
- completed:
    sha256: d4b64178fc08703821f48b318a9c6f8307559e41f13500343e76b24679de4767
    size: 668699
    url: https://raw.githubusercontent.com/commercialhaskell/stackage-snapshots/master/nightly/2023/9/19.yaml
  original: nightly-2023-09-19
